// !$*UTF8*$!
{
	archiveVersion = 1;
	classes = {
	};
	objectVersion = 55;
	objects = {

/* Begin PBXBuildFile section */
		4B70ADF4273C369D00282319 /* AppDelegate.swift in Sources */ = {isa = PBXBuildFile; fileRef = 4B70ADF3273C369D00282319 /* AppDelegate.swift */; };
		4B70ADF6273C369D00282319 /* SceneDelegate.swift in Sources */ = {isa = PBXBuildFile; fileRef = 4B70ADF5273C369D00282319 /* SceneDelegate.swift */; };
		4B70ADF8273C369D00282319 /* LogInViewController.swift in Sources */ = {isa = PBXBuildFile; fileRef = 4B70ADF7273C369D00282319 /* LogInViewController.swift */; };
		4B70ADFB273C369D00282319 /* Main.storyboard in Resources */ = {isa = PBXBuildFile; fileRef = 4B70ADF9273C369D00282319 /* Main.storyboard */; };
		4B70ADFD273C36A300282319 /* Assets.xcassets in Resources */ = {isa = PBXBuildFile; fileRef = 4B70ADFC273C36A300282319 /* Assets.xcassets */; };
		4B70AE00273C36A300282319 /* LaunchScreen.storyboard in Resources */ = {isa = PBXBuildFile; fileRef = 4B70ADFE273C36A300282319 /* LaunchScreen.storyboard */; };
		4B70AE0B273C37BE00282319 /* UserInfo.swift in Sources */ = {isa = PBXBuildFile; fileRef = 4B70AE0A273C37BE00282319 /* UserInfo.swift */; };
		4B790AB1273EDE23007AFFF8 /* StartViewController.swift in Sources */ = {isa = PBXBuildFile; fileRef = 4B790AB0273EDE23007AFFF8 /* StartViewController.swift */; };
		4BB1108427405172009B9E8F /* MyFriendViewController.swift in Sources */ = {isa = PBXBuildFile; fileRef = 4BB1108327405172009B9E8F /* MyFriendViewController.swift */; };
/* End PBXBuildFile section */

/* Begin PBXFileReference section */
		4B70ADF0273C369D00282319 /* HW.2.4.About me(navigation).app */ = {isa = PBXFileReference; explicitFileType = wrapper.application; includeInIndex = 0; path = "HW.2.4.About me(navigation).app"; sourceTree = BUILT_PRODUCTS_DIR; };
		4B70ADF3273C369D00282319 /* AppDelegate.swift */ = {isa = PBXFileReference; lastKnownFileType = sourcecode.swift; path = AppDelegate.swift; sourceTree = "<group>"; };
		4B70ADF5273C369D00282319 /* SceneDelegate.swift */ = {isa = PBXFileReference; lastKnownFileType = sourcecode.swift; path = SceneDelegate.swift; sourceTree = "<group>"; };
		4B70ADF7273C369D00282319 /* LogInViewController.swift */ = {isa = PBXFileReference; lastKnownFileType = sourcecode.swift; path = LogInViewController.swift; sourceTree = "<group>"; };
		4B70ADFA273C369D00282319 /* Base */ = {isa = PBXFileReference; lastKnownFileType = file.storyboard; name = Base; path = Base.lproj/Main.storyboard; sourceTree = "<group>"; };
		4B70ADFC273C36A300282319 /* Assets.xcassets */ = {isa = PBXFileReference; lastKnownFileType = folder.assetcatalog; path = Assets.xcassets; sourceTree = "<group>"; };
		4B70ADFF273C36A300282319 /* Base */ = {isa = PBXFileReference; lastKnownFileType = file.storyboard; name = Base; path = Base.lproj/LaunchScreen.storyboard; sourceTree = "<group>"; };
		4B70AE01273C36A300282319 /* Info.plist */ = {isa = PBXFileReference; lastKnownFileType = text.plist.xml; path = Info.plist; sourceTree = "<group>"; };
		4B70AE0A273C37BE00282319 /* UserInfo.swift */ = {isa = PBXFileReference; lastKnownFileType = sourcecode.swift; path = UserInfo.swift; sourceTree = "<group>"; };
		4B790AB0273EDE23007AFFF8 /* StartViewController.swift */ = {isa = PBXFileReference; lastKnownFileType = sourcecode.swift; path = StartViewController.swift; sourceTree = "<group>"; };
		4BB1108327405172009B9E8F /* MyFriendViewController.swift */ = {isa = PBXFileReference; lastKnownFileType = sourcecode.swift; path = MyFriendViewController.swift; sourceTree = "<group>"; };
/* End PBXFileReference section */

/* Begin PBXFrameworksBuildPhase section */
		4B70ADED273C369D00282319 /* Frameworks */ = {
			isa = PBXFrameworksBuildPhase;
			buildActionMask = 2147483647;
			files = (
			);
			runOnlyForDeploymentPostprocessing = 0;
		};
/* End PBXFrameworksBuildPhase section */

/* Begin PBXGroup section */
		4B70ADE7273C369D00282319 = {
			isa = PBXGroup;
			children = (
				4B70ADF2273C369D00282319 /* HW.2.4.About me(navigation) */,
				4B70ADF1273C369D00282319 /* Products */,
			);
			sourceTree = "<group>";
		};
		4B70ADF1273C369D00282319 /* Products */ = {
			isa = PBXGroup;
			children = (
				4B70ADF0273C369D00282319 /* HW.2.4.About me(navigation).app */,
			);
			name = Products;
			sourceTree = "<group>";
		};
		4B70ADF2273C369D00282319 /* HW.2.4.About me(navigation) */ = {
			isa = PBXGroup;
			children = (
				4B70AE09273C376300282319 /* ViewControllers */,
				4B70AE0C273C37C900282319 /* Models */,
				4B70AE08273C375200282319 /* Storybords */,
				4B70AE07273C372A00282319 /* SupportingFiles */,
			);
			path = "HW.2.4.About me(navigation)";
			sourceTree = "<group>";
		};
		4B70AE07273C372A00282319 /* SupportingFiles */ = {
			isa = PBXGroup;
			children = (
				4B70ADF3273C369D00282319 /* AppDelegate.swift */,
				4B70ADF5273C369D00282319 /* SceneDelegate.swift */,
				4B70ADFC273C36A300282319 /* Assets.xcassets */,
				4B70AE01273C36A300282319 /* Info.plist */,
			);
			path = SupportingFiles;
			sourceTree = "<group>";
		};
		4B70AE08273C375200282319 /* Storybords */ = {
			isa = PBXGroup;
			children = (
				4B70ADF9273C369D00282319 /* Main.storyboard */,
				4B70ADFE273C36A300282319 /* LaunchScreen.storyboard */,
			);
			path = Storybords;
			sourceTree = "<group>";
		};
		4B70AE09273C376300282319 /* ViewControllers */ = {
			isa = PBXGroup;
			children = (
				4B70ADF7273C369D00282319 /* LogInViewController.swift */,
				4B790AB0273EDE23007AFFF8 /* StartViewController.swift */,
				4BB1108327405172009B9E8F /* MyFriendViewController.swift */,
			);
			path = ViewControllers;
			sourceTree = "<group>";
		};
		4B70AE0C273C37C900282319 /* Models */ = {
			isa = PBXGroup;
			children = (
				4B70AE0A273C37BE00282319 /* UserInfo.swift */,
			);
			path = Models;
			sourceTree = "<group>";
		};
/* End PBXGroup section */

/* Begin PBXNativeTarget section */
		4B70ADEF273C369D00282319 /* HW.2.4.About me(navigation) */ = {
			isa = PBXNativeTarget;
			buildConfigurationList = 4B70AE04273C36A300282319 /* Build configuration list for PBXNativeTarget "HW.2.4.About me(navigation)" */;
			buildPhases = (
				4B70ADEC273C369D00282319 /* Sources */,
				4B70ADED273C369D00282319 /* Frameworks */,
				4B70ADEE273C369D00282319 /* Resources */,
			);
			buildRules = (
			);
			dependencies = (
			);
			name = "HW.2.4.About me(navigation)";
			productName = "HW.2.4.About me(navigation)";
			productReference = 4B70ADF0273C369D00282319 /* HW.2.4.About me(navigation).app */;
			productType = "com.apple.product-type.application";
		};
/* End PBXNativeTarget section */

/* Begin PBXProject section */
		4B70ADE8273C369D00282319 /* Project object */ = {
			isa = PBXProject;
			attributes = {
				BuildIndependentTargetsInParallel = 1;
				LastSwiftUpdateCheck = 1300;
				LastUpgradeCheck = 1300;
				TargetAttributes = {
					4B70ADEF273C369D00282319 = {
						CreatedOnToolsVersion = 13.0;
					};
				};
			};
			buildConfigurationList = 4B70ADEB273C369D00282319 /* Build configuration list for PBXProject "HW.2.4.About me(navigation)" */;
			compatibilityVersion = "Xcode 13.0";
			developmentRegion = en;
			hasScannedForEncodings = 0;
			knownRegions = (
				en,
				Base,
			);
			mainGroup = 4B70ADE7273C369D00282319;
			productRefGroup = 4B70ADF1273C369D00282319 /* Products */;
			projectDirPath = "";
			projectRoot = "";
			targets = (
				4B70ADEF273C369D00282319 /* HW.2.4.About me(navigation) */,
			);
		};
/* End PBXProject section */

/* Begin PBXResourcesBuildPhase section */
		4B70ADEE273C369D00282319 /* Resources */ = {
			isa = PBXResourcesBuildPhase;
			buildActionMask = 2147483647;
			files = (
				4B70AE00273C36A300282319 /* LaunchScreen.storyboard in Resources */,
				4B70ADFD273C36A300282319 /* Assets.xcassets in Resources */,
				4B70ADFB273C369D00282319 /* Main.storyboard in Resources */,
			);
			runOnlyForDeploymentPostprocessing = 0;
		};
/* End PBXResourcesBuildPhase section */

/* Begin PBXSourcesBuildPhase section */
		4B70ADEC273C369D00282319 /* Sources */ = {
			isa = PBXSourcesBuildPhase;
			buildActionMask = 2147483647;
			files = (
				4BB1108427405172009B9E8F /* MyFriendViewController.swift in Sources */,
				4B790AB1273EDE23007AFFF8 /* StartViewController.swift in Sources */,
				4B70AE0B273C37BE00282319 /* UserInfo.swift in Sources */,
				4B70ADF8273C369D00282319 /* LogInViewController.swift in Sources */,
				4B70ADF4273C369D00282319 /* AppDelegate.swift in Sources */,
				4B70ADF6273C369D00282319 /* SceneDelegate.swift in Sources */,
			);
			runOnlyForDeploymentPostprocessing = 0;
		};
/* End PBXSourcesBuildPhase section */

/* Begin PBXVariantGroup section */
		4B70ADF9273C369D00282319 /* Main.storyboard */ = {
			isa = PBXVariantGroup;
			children = (
				4B70ADFA273C369D00282319 /* Base */,
			);
			name = Main.storyboard;
			sourceTree = "<group>";
		};
		4B70ADFE273C36A300282319 /* LaunchScreen.storyboard */ = {
			isa = PBXVariantGroup;
			children = (
				4B70ADFF273C36A300282319 /* Base */,
			);
			name = LaunchScreen.storyboard;
			sourceTree = "<group>";
		};
/* End PBXVariantGroup section */

/* Begin XCBuildConfiguration section */
		4B70AE02273C36A300282319 /* Debug */ = {
			isa = XCBuildConfiguration;
			buildSettings = {
				ALWAYS_SEARCH_USER_PATHS = NO;
				CLANG_ANALYZER_NONNULL = YES;
				CLANG_ANALYZER_NUMBER_OBJECT_CONVERSION = YES_AGGRESSIVE;
				CLANG_CXX_LANGUAGE_STANDARD = "gnu++17";
				CLANG_CXX_LIBRARY = "libc++";
				CLANG_ENABLE_MODULES = YES;
				CLANG_ENABLE_OBJC_ARC = YES;
				CLANG_ENABLE_OBJC_WEAK = YES;
				CLANG_WARN_BLOCK_CAPTURE_AUTORELEASING = YES;
				CLANG_WARN_BOOL_CONVERSION = YES;
				CLANG_WARN_COMMA = YES;
				CLANG_WARN_CONSTANT_CONVERSION = YES;
				CLANG_WARN_DEPRECATED_OBJC_IMPLEMENTATIONS = YES;
				CLANG_WARN_DIRECT_OBJC_ISA_USAGE = YES_ERROR;
				CLANG_WARN_DOCUMENTATION_COMMENTS = YES;
				CLANG_WARN_EMPTY_BODY = YES;
				CLANG_WARN_ENUM_CONVERSION = YES;
				CLANG_WARN_INFINITE_RECURSION = YES;
				CLANG_WARN_INT_CONVERSION = YES;
				CLANG_WARN_NON_LITERAL_NULL_CONVERSION = YES;
				CLANG_WARN_OBJC_IMPLICIT_RETAIN_SELF = YES;
				CLANG_WARN_OBJC_LITERAL_CONVERSION = YES;
				CLANG_WARN_OBJC_ROOT_CLASS = YES_ERROR;
				CLANG_WARN_QUOTED_INCLUDE_IN_FRAMEWORK_HEADER = YES;
				CLANG_WARN_RANGE_LOOP_ANALYSIS = YES;
				CLANG_WARN_STRICT_PROTOTYPES = YES;
				CLANG_WARN_SUSPICIOUS_MOVE = YES;
				CLANG_WARN_UNGUARDED_AVAILABILITY = YES_AGGRESSIVE;
				CLANG_WARN_UNREACHABLE_CODE = YES;
				CLANG_WARN__DUPLICATE_METHOD_MATCH = YES;
				COPY_PHASE_STRIP = NO;
				DEBUG_INFORMATION_FORMAT = dwarf;
				ENABLE_STRICT_OBJC_MSGSEND = YES;
				ENABLE_TESTABILITY = YES;
				GCC_C_LANGUAGE_STANDARD = gnu11;
				GCC_DYNAMIC_NO_PIC = NO;
				GCC_NO_COMMON_BLOCKS = YES;
				GCC_OPTIMIZATION_LEVEL = 0;
				GCC_PREPROCESSOR_DEFINITIONS = (
					"DEBUG=1",
					"$(inherited)",
				);
				GCC_WARN_64_TO_32_BIT_CONVERSION = YES;
				GCC_WARN_ABOUT_RETURN_TYPE = YES_ERROR;
				GCC_WARN_UNDECLARED_SELECTOR = YES;
				GCC_WARN_UNINITIALIZED_AUTOS = YES_AGGRESSIVE;
				GCC_WARN_UNUSED_FUNCTION = YES;
				GCC_WARN_UNUSED_VARIABLE = YES;
				IPHONEOS_DEPLOYMENT_TARGET = 15.0;
				MTL_ENABLE_DEBUG_INFO = INCLUDE_SOURCE;
				MTL_FAST_MATH = YES;
				ONLY_ACTIVE_ARCH = YES;
				SDKROOT = iphoneos;
				SWIFT_ACTIVE_COMPILATION_CONDITIONS = DEBUG;
				SWIFT_OPTIMIZATION_LEVEL = "-Onone";
			};
			name = Debug;
		};
		4B70AE03273C36A300282319 /* Release */ = {
			isa = XCBuildConfiguration;
			buildSettings = {
				ALWAYS_SEARCH_USER_PATHS = NO;
				CLANG_ANALYZER_NONNULL = YES;
				CLANG_ANALYZER_NUMBER_OBJECT_CONVERSION = YES_AGGRESSIVE;
				CLANG_CXX_LANGUAGE_STANDARD = "gnu++17";
				CLANG_CXX_LIBRARY = "libc++";
				CLANG_ENABLE_MODULES = YES;
				CLANG_ENABLE_OBJC_ARC = YES;
				CLANG_ENABLE_OBJC_WEAK = YES;
				CLANG_WARN_BLOCK_CAPTURE_AUTORELEASING = YES;
				CLANG_WARN_BOOL_CONVERSION = YES;
				CLANG_WARN_COMMA = YES;
				CLANG_WARN_CONSTANT_CONVERSION = YES;
				CLANG_WARN_DEPRECATED_OBJC_IMPLEMENTATIONS = YES;
				CLANG_WARN_DIRECT_OBJC_ISA_USAGE = YES_ERROR;
				CLANG_WARN_DOCUMENTATION_COMMENTS = YES;
				CLANG_WARN_EMPTY_BODY = YES;
				CLANG_WARN_ENUM_CONVERSION = YES;
				CLANG_WARN_INFINITE_RECURSION = YES;
				CLANG_WARN_INT_CONVERSION = YES;
				CLANG_WARN_NON_LITERAL_NULL_CONVERSION = YES;
				CLANG_WARN_OBJC_IMPLICIT_RETAIN_SELF = YES;
				CLANG_WARN_OBJC_LITERAL_CONVERSION = YES;
				CLANG_WARN_OBJC_ROOT_CLASS = YES_ERROR;
				CLANG_WARN_QUOTED_INCLUDE_IN_FRAMEWORK_HEADER = YES;
				CLANG_WARN_RANGE_LOOP_ANALYSIS = YES;
				CLANG_WARN_STRICT_PROTOTYPES = YES;
				CLANG_WARN_SUSPICIOUS_MOVE = YES;
				CLANG_WARN_UNGUARDED_AVAILABILITY = YES_AGGRESSIVE;
				CLANG_WARN_UNREACHABLE_CODE = YES;
				CLANG_WARN__DUPLICATE_METHOD_MATCH = YES;
				COPY_PHASE_STRIP = NO;
				DEBUG_INFORMATION_FORMAT = "dwarf-with-dsym";
				ENABLE_NS_ASSERTIONS = NO;
				ENABLE_STRICT_OBJC_MSGSEND = YES;
				GCC_C_LANGUAGE_STANDARD = gnu11;
				GCC_NO_COMMON_BLOCKS = YES;
				GCC_WARN_64_TO_32_BIT_CONVERSION = YES;
				GCC_WARN_ABOUT_RETURN_TYPE = YES_ERROR;
				GCC_WARN_UNDECLARED_SELECTOR = YES;
				GCC_WARN_UNINITIALIZED_AUTOS = YES_AGGRESSIVE;
				GCC_WARN_UNUSED_FUNCTION = YES;
				GCC_WARN_UNUSED_VARIABLE = YES;
				IPHONEOS_DEPLOYMENT_TARGET = 15.0;
				MTL_ENABLE_DEBUG_INFO = NO;
				MTL_FAST_MATH = YES;
				SDKROOT = iphoneos;
				SWIFT_COMPILATION_MODE = wholemodule;
				SWIFT_OPTIMIZATION_LEVEL = "-O";
				VALIDATE_PRODUCT = YES;
			};
			name = Release;
		};
		4B70AE05273C36A300282319 /* Debug */ = {
			isa = XCBuildConfiguration;
			buildSettings = {
				ASSETCATALOG_COMPILER_APPICON_NAME = AppIcon;
				ASSETCATALOG_COMPILER_GLOBAL_ACCENT_COLOR_NAME = AccentColor;
				CODE_SIGN_STYLE = Automatic;
				CURRENT_PROJECT_VERSION = 1;
				DEVELOPMENT_TEAM = YGRG6HC2V6;
				GENERATE_INFOPLIST_FILE = YES;
				INFOPLIST_FILE = "HW.2.4.About me(navigation)/SupportingFiles/Info.plist";
				INFOPLIST_KEY_UIApplicationSupportsIndirectInputEvents = YES;
				INFOPLIST_KEY_UILaunchStoryboardName = LaunchScreen;
				INFOPLIST_KEY_UIMainStoryboardFile = Main;
				INFOPLIST_KEY_UISupportedInterfaceOrientations_iPad = "UIInterfaceOrientationPortrait UIInterfaceOrientationPortraitUpsideDown UIInterfaceOrientationLandscapeLeft UIInterfaceOrientationLandscapeRight";
				INFOPLIST_KEY_UISupportedInterfaceOrientations_iPhone = "UIInterfaceOrientationPortrait UIInterfaceOrientationLandscapeLeft UIInterfaceOrientationLandscapeRight";
				LD_RUNPATH_SEARCH_PATHS = (
					"$(inherited)",
					"@executable_path/Frameworks",
				);
				MARKETING_VERSION = 1.0;
				PRODUCT_BUNDLE_IDENTIFIER = "engineerk2.HW-2-4-About-me-navigation-";
				PRODUCT_NAME = "$(TARGET_NAME)";
				SWIFT_EMIT_LOC_STRINGS = YES;
				SWIFT_VERSION = 5.0;
				TARGETED_DEVICE_FAMILY = 1;
			};
			name = Debug;
		};
		4B70AE06273C36A300282319 /* Release */ = {
			isa = XCBuildConfiguration;
			buildSettings = {
				ASSETCATALOG_COMPILER_APPICON_NAME = AppIcon;
				ASSETCATALOG_COMPILER_GLOBAL_ACCENT_COLOR_NAME = AccentColor;
				CODE_SIGN_STYLE = Automatic;
				CURRENT_PROJECT_VERSION = 1;
				DEVELOPMENT_TEAM = YGRG6HC2V6;
				GENERATE_INFOPLIST_FILE = YES;
				INFOPLIST_FILE = "HW.2.4.About me(navigation)/SupportingFiles/Info.plist";
				INFOPLIST_KEY_UIApplicationSupportsIndirectInputEvents = YES;
				INFOPLIST_KEY_UILaunchStoryboardName = LaunchScreen;
				INFOPLIST_KEY_UIMainStoryboardFile = Main;
				INFOPLIST_KEY_UISupportedInterfaceOrientations_iPad = "UIInterfaceOrientationPortrait UIInterfaceOrientationPortraitUpsideDown UIInterfaceOrientationLandscapeLeft UIInterfaceOrientationLandscapeRight";
				INFOPLIST_KEY_UISupportedInterfaceOrientations_iPhone = "UIInterfaceOrientationPortrait UIInterfaceOrientationLandscapeLeft UIInterfaceOrientationLandscapeRight";
				LD_RUNPATH_SEARCH_PATHS = (
					"$(inherited)",
					"@executable_path/Frameworks",
				);
				MARKETING_VERSION = 1.0;
				PRODUCT_BUNDLE_IDENTIFIER = "engineerk2.HW-2-4-About-me-navigation-";
				PRODUCT_NAME = "$(TARGET_NAME)";
				SWIFT_EMIT_LOC_STRINGS = YES;
				SWIFT_VERSION = 5.0;
				TARGETED_DEVICE_FAMILY = 1;
			};
			name = Release;
		};
/* End XCBuildConfiguration section */

/* Begin XCConfigurationList section */
		4B70ADEB273C369D00282319 /* Build configuration list for PBXProject "HW.2.4.About me(navigation)" */ = {
			isa = XCConfigurationList;
			buildConfigurations = (
				4B70AE02273C36A300282319 /* Debug */,
				4B70AE03273C36A300282319 /* Release */,
			);
			defaultConfigurationIsVisible = 0;
			defaultConfigurationName = Release;
		};
		4B70AE04273C36A300282319 /* Build configuration list for PBXNativeTarget "HW.2.4.About me(navigation)" */ = {
			isa = XCConfigurationList;
			buildConfigurations = (
				4B70AE05273C36A300282319 /* Debug */,
				4B70AE06273C36A300282319 /* Release */,
			);
			defaultConfigurationIsVisible = 0;
			defaultConfigurationName = Release;
		};
/* End XCConfigurationList section */
	};
	rootObject = 4B70ADE8273C369D00282319 /* Project object */;
}
